
Microsoft Visual Studio Solution File, Format Version 12.00
# Visual Studio Version 16
VisualStudioVersion = 16.0.32428.217
MinimumVisualStudioVersion = 10.0.40219.1
Project("{FAE04EC0-301F-11D3-BF4B-00C04F79EFBC}") = "TiendaProducto_Server", "TiendaProducto_Server\TiendaProducto_Server.csproj", "{925E6268-FAC1-47BD-B8D9-4195D79D034E}"
EndProject
Global
	GlobalSection(SolutionConfigurationPlatforms) = preSolution
		Debug|Any CPU = Debug|Any CPU
		Release|Any CPU = Release|Any CPU
	EndGlobalSection
	GlobalSection(ProjectConfigurationPlatforms) = postSolution
		{925E6268-FAC1-47BD-B8D9-4195D79D034E}.Debug|Any CPU.ActiveCfg = Debug|Any CPU
		{925E6268-FAC1-47BD-B8D9-4195D79D034E}.Debug|Any CPU.Build.0 = Debug|Any CPU
		{925E6268-FAC1-47BD-B8D9-4195D79D034E}.Release|Any CPU.ActiveCfg = Release|Any CPU
		{925E6268-FAC1-47BD-B8D9-4195D79D034E}.Release|Any CPU.Build.0 = Release|Any CPU
	EndGlobalSection
	GlobalSection(SolutionProperties) = preSolution
		HideSolutionNode = FALSE
	EndGlobalSection
	GlobalSection(ExtensibilityGlobals) = postSolution
		SolutionGuid = {24F03994-1E0C-4A69-85B3-64732A084FA1}
	EndGlobalSection
EndGlobal
